// !$*UTF8*$!
{
	archiveVersion = 1;
	classes = {
	};
	objectVersion = 50;
	objects = {

/* Begin PBXBuildFile section */
		7D576A16256739CF0024B2CA /* String+Helper.swift in Sources */ = {isa = PBXBuildFile; fileRef = 7D576A15256739CF0024B2CA /* String+Helper.swift */; };
		7D837C8225606E07003E813F /* AppDelegate.swift in Sources */ = {isa = PBXBuildFile; fileRef = 7D837C8125606E07003E813F /* AppDelegate.swift */; };
		7D837C8425606E07003E813F /* SceneDelegate.swift in Sources */ = {isa = PBXBuildFile; fileRef = 7D837C8325606E07003E813F /* SceneDelegate.swift */; };
		7D837C8625606E07003E813F /* ContentView.swift in Sources */ = {isa = PBXBuildFile; fileRef = 7D837C8525606E07003E813F /* ContentView.swift */; };
		7D837C8825606E09003E813F /* Assets.xcassets in Resources */ = {isa = PBXBuildFile; fileRef = 7D837C8725606E09003E813F /* Assets.xcassets */; };
		7D837C8B25606E09003E813F /* Preview Assets.xcassets in Resources */ = {isa = PBXBuildFile; fileRef = 7D837C8A25606E09003E813F /* Preview Assets.xcassets */; };
		7D837C8E25606E09003E813F /* LaunchScreen.storyboard in Resources */ = {isa = PBXBuildFile; fileRef = 7D837C8C25606E09003E813F /* LaunchScreen.storyboard */; };
		7D837C9925606E0A003E813F /* CupcakeCornerTests.swift in Sources */ = {isa = PBXBuildFile; fileRef = 7D837C9825606E0A003E813F /* CupcakeCornerTests.swift */; };
		7D837CA425606E0A003E813F /* CupcakeCornerUITests.swift in Sources */ = {isa = PBXBuildFile; fileRef = 7D837CA325606E0A003E813F /* CupcakeCornerUITests.swift */; };
		7D837CB82561F70C003E813F /* Order.swift in Sources */ = {isa = PBXBuildFile; fileRef = 7D837CB72561F70C003E813F /* Order.swift */; };
		7D837CC02561FBBC003E813F /* AddressView.swift in Sources */ = {isa = PBXBuildFile; fileRef = 7D837CBF2561FBBC003E813F /* AddressView.swift */; };
		7D837CC82561FDCC003E813F /* CheckoutView.swift in Sources */ = {isa = PBXBuildFile; fileRef = 7D837CC72561FDCC003E813F /* CheckoutView.swift */; };
/* End PBXBuildFile section */

/* Begin PBXContainerItemProxy section */
		7D837C9525606E0A003E813F /* PBXContainerItemProxy */ = {
			isa = PBXContainerItemProxy;
			containerPortal = 7D837C7625606E07003E813F /* Project object */;
			proxyType = 1;
			remoteGlobalIDString = 7D837C7D25606E07003E813F;
			remoteInfo = CupcakeCorner;
		};
		7D837CA025606E0A003E813F /* PBXContainerItemProxy */ = {
			isa = PBXContainerItemProxy;
			containerPortal = 7D837C7625606E07003E813F /* Project object */;
			proxyType = 1;
			remoteGlobalIDString = 7D837C7D25606E07003E813F;
			remoteInfo = CupcakeCorner;
		};
/* End PBXContainerItemProxy section */

/* Begin PBXFileReference section */
		7D576A15256739CF0024B2CA /* String+Helper.swift */ = {isa = PBXFileReference; lastKnownFileType = sourcecode.swift; path = "String+Helper.swift"; sourceTree = "<group>"; };
		7D837C7E25606E07003E813F /* CupcakeCorner.app */ = {isa = PBXFileReference; explicitFileType = wrapper.application; includeInIndex = 0; path = CupcakeCorner.app; sourceTree = BUILT_PRODUCTS_DIR; };
		7D837C8125606E07003E813F /* AppDelegate.swift */ = {isa = PBXFileReference; lastKnownFileType = sourcecode.swift; path = AppDelegate.swift; sourceTree = "<group>"; };
		7D837C8325606E07003E813F /* SceneDelegate.swift */ = {isa = PBXFileReference; lastKnownFileType = sourcecode.swift; path = SceneDelegate.swift; sourceTree = "<group>"; };
		7D837C8525606E07003E813F /* ContentView.swift */ = {isa = PBXFileReference; lastKnownFileType = sourcecode.swift; path = ContentView.swift; sourceTree = "<group>"; };
		7D837C8725606E09003E813F /* Assets.xcassets */ = {isa = PBXFileReference; lastKnownFileType = folder.assetcatalog; path = Assets.xcassets; sourceTree = "<group>"; };
		7D837C8A25606E09003E813F /* Preview Assets.xcassets */ = {isa = PBXFileReference; lastKnownFileType = folder.assetcatalog; path = "Preview Assets.xcassets"; sourceTree = "<group>"; };
		7D837C8D25606E09003E813F /* Base */ = {isa = PBXFileReference; lastKnownFileType = file.storyboard; name = Base; path = Base.lproj/LaunchScreen.storyboard; sourceTree = "<group>"; };
		7D837C8F25606E09003E813F /* Info.plist */ = {isa = PBXFileReference; lastKnownFileType = text.plist.xml; path = Info.plist; sourceTree = "<group>"; };
		7D837C9425606E0A003E813F /* CupcakeCornerTests.xctest */ = {isa = PBXFileReference; explicitFileType = wrapper.cfbundle; includeInIndex = 0; path = CupcakeCornerTests.xctest; sourceTree = BUILT_PRODUCTS_DIR; };
		7D837C9825606E0A003E813F /* CupcakeCornerTests.swift */ = {isa = PBXFileReference; lastKnownFileType = sourcecode.swift; path = CupcakeCornerTests.swift; sourceTree = "<group>"; };
		7D837C9A25606E0A003E813F /* Info.plist */ = {isa = PBXFileReference; lastKnownFileType = text.plist.xml; path = Info.plist; sourceTree = "<group>"; };
		7D837C9F25606E0A003E813F /* CupcakeCornerUITests.xctest */ = {isa = PBXFileReference; explicitFileType = wrapper.cfbundle; includeInIndex = 0; path = CupcakeCornerUITests.xctest; sourceTree = BUILT_PRODUCTS_DIR; };
		7D837CA325606E0A003E813F /* CupcakeCornerUITests.swift */ = {isa = PBXFileReference; lastKnownFileType = sourcecode.swift; path = CupcakeCornerUITests.swift; sourceTree = "<group>"; };
		7D837CA525606E0A003E813F /* Info.plist */ = {isa = PBXFileReference; lastKnownFileType = text.plist.xml; path = Info.plist; sourceTree = "<group>"; };
		7D837CB72561F70C003E813F /* Order.swift */ = {isa = PBXFileReference; lastKnownFileType = sourcecode.swift; path = Order.swift; sourceTree = "<group>"; };
		7D837CBF2561FBBC003E813F /* AddressView.swift */ = {isa = PBXFileReference; lastKnownFileType = sourcecode.swift; path = AddressView.swift; sourceTree = "<group>"; };
		7D837CC72561FDCC003E813F /* CheckoutView.swift */ = {isa = PBXFileReference; lastKnownFileType = sourcecode.swift; path = CheckoutView.swift; sourceTree = "<group>"; };
/* End PBXFileReference section */

/* Begin PBXFrameworksBuildPhase section */
		7D837C7B25606E07003E813F /* Frameworks */ = {
			isa = PBXFrameworksBuildPhase;
			buildActionMask = 2147483647;
			files = (
			);
			runOnlyForDeploymentPostprocessing = 0;
		};
		7D837C9125606E0A003E813F /* Frameworks */ = {
			isa = PBXFrameworksBuildPhase;
			buildActionMask = 2147483647;
			files = (
			);
			runOnlyForDeploymentPostprocessing = 0;
		};
		7D837C9C25606E0A003E813F /* Frameworks */ = {
			isa = PBXFrameworksBuildPhase;
			buildActionMask = 2147483647;
			files = (
			);
			runOnlyForDeploymentPostprocessing = 0;
		};
/* End PBXFrameworksBuildPhase section */

/* Begin PBXGroup section */
		7D837C7525606E07003E813F = {
			isa = PBXGroup;
			children = (
				7D837C8025606E07003E813F /* CupcakeCorner */,
				7D837C9725606E0A003E813F /* CupcakeCornerTests */,
				7D837CA225606E0A003E813F /* CupcakeCornerUITests */,
				7D837C7F25606E07003E813F /* Products */,
			);
			sourceTree = "<group>";
		};
		7D837C7F25606E07003E813F /* Products */ = {
			isa = PBXGroup;
			children = (
				7D837C7E25606E07003E813F /* CupcakeCorner.app */,
				7D837C9425606E0A003E813F /* CupcakeCornerTests.xctest */,
				7D837C9F25606E0A003E813F /* CupcakeCornerUITests.xctest */,
			);
			name = Products;
			sourceTree = "<group>";
		};
		7D837C8025606E07003E813F /* CupcakeCorner */ = {
			isa = PBXGroup;
			children = (
				7D837C8125606E07003E813F /* AppDelegate.swift */,
				7D837C8325606E07003E813F /* SceneDelegate.swift */,
				7D837C8525606E07003E813F /* ContentView.swift */,
				7D837CB72561F70C003E813F /* Order.swift */,
				7D837CBF2561FBBC003E813F /* AddressView.swift */,
				7D837CC72561FDCC003E813F /* CheckoutView.swift */,
				7D576A15256739CF0024B2CA /* String+Helper.swift */,
				7D837C8725606E09003E813F /* Assets.xcassets */,
				7D837C8C25606E09003E813F /* LaunchScreen.storyboard */,
				7D837C8F25606E09003E813F /* Info.plist */,
				7D837C8925606E09003E813F /* Preview Content */,
			);
			path = CupcakeCorner;
			sourceTree = "<group>";
		};
		7D837C8925606E09003E813F /* Preview Content */ = {
			isa = PBXGroup;
			children = (
				7D837C8A25606E09003E813F /* Preview Assets.xcassets */,
			);
			path = "Preview Content";
			sourceTree = "<group>";
		};
		7D837C9725606E0A003E813F /* CupcakeCornerTests */ = {
			isa = PBXGroup;
			children = (
				7D837C9825606E0A003E813F /* CupcakeCornerTests.swift */,
				7D837C9A25606E0A003E813F /* Info.plist */,
			);
			path = CupcakeCornerTests;
			sourceTree = "<group>";
		};
		7D837CA225606E0A003E813F /* CupcakeCornerUITests */ = {
			isa = PBXGroup;
			children = (
				7D837CA325606E0A003E813F /* CupcakeCornerUITests.swift */,
				7D837CA525606E0A003E813F /* Info.plist */,
			);
			path = CupcakeCornerUITests;
			sourceTree = "<group>";
		};
/* End PBXGroup section */

/* Begin PBXNativeTarget section */
		7D837C7D25606E07003E813F /* CupcakeCorner */ = {
			isa = PBXNativeTarget;
			buildConfigurationList = 7D837CA825606E0A003E813F /* Build configuration list for PBXNativeTarget "CupcakeCorner" */;
			buildPhases = (
				7D837C7A25606E07003E813F /* Sources */,
				7D837C7B25606E07003E813F /* Frameworks */,
				7D837C7C25606E07003E813F /* Resources */,
			);
			buildRules = (
			);
			dependencies = (
			);
			name = CupcakeCorner;
			productName = CupcakeCorner;
			productReference = 7D837C7E25606E07003E813F /* CupcakeCorner.app */;
			productType = "com.apple.product-type.application";
		};
		7D837C9325606E0A003E813F /* CupcakeCornerTests */ = {
			isa = PBXNativeTarget;
			buildConfigurationList = 7D837CAB25606E0A003E813F /* Build configuration list for PBXNativeTarget "CupcakeCornerTests" */;
			buildPhases = (
				7D837C9025606E0A003E813F /* Sources */,
				7D837C9125606E0A003E813F /* Frameworks */,
				7D837C9225606E0A003E813F /* Resources */,
			);
			buildRules = (
			);
			dependencies = (
				7D837C9625606E0A003E813F /* PBXTargetDependency */,
			);
			name = CupcakeCornerTests;
			productName = CupcakeCornerTests;
			productReference = 7D837C9425606E0A003E813F /* CupcakeCornerTests.xctest */;
			productType = "com.apple.product-type.bundle.unit-test";
		};
		7D837C9E25606E0A003E813F /* CupcakeCornerUITests */ = {
			isa = PBXNativeTarget;
			buildConfigurationList = 7D837CAE25606E0A003E813F /* Build configuration list for PBXNativeTarget "CupcakeCornerUITests" */;
			buildPhases = (
				7D837C9B25606E0A003E813F /* Sources */,
				7D837C9C25606E0A003E813F /* Frameworks */,
				7D837C9D25606E0A003E813F /* Resources */,
			);
			buildRules = (
			);
			dependencies = (
				7D837CA125606E0A003E813F /* PBXTargetDependency */,
			);
			name = CupcakeCornerUITests;
			productName = CupcakeCornerUITests;
			productReference = 7D837C9F25606E0A003E813F /* CupcakeCornerUITests.xctest */;
			productType = "com.apple.product-type.bundle.ui-testing";
		};
/* End PBXNativeTarget section */

/* Begin PBXProject section */
		7D837C7625606E07003E813F /* Project object */ = {
			isa = PBXProject;
			attributes = {
				LastSwiftUpdateCheck = 1210;
				LastUpgradeCheck = 1210;
				TargetAttributes = {
					7D837C7D25606E07003E813F = {
						CreatedOnToolsVersion = 12.1;
					};
					7D837C9325606E0A003E813F = {
						CreatedOnToolsVersion = 12.1;
						TestTargetID = 7D837C7D25606E07003E813F;
					};
					7D837C9E25606E0A003E813F = {
						CreatedOnToolsVersion = 12.1;
						TestTargetID = 7D837C7D25606E07003E813F;
					};
				};
			};
			buildConfigurationList = 7D837C7925606E07003E813F /* Build configuration list for PBXProject "CupcakeCorner" */;
			compatibilityVersion = "Xcode 9.3";
			developmentRegion = en;
			hasScannedForEncodings = 0;
			knownRegions = (
				en,
				Base,
			);
			mainGroup = 7D837C7525606E07003E813F;
			productRefGroup = 7D837C7F25606E07003E813F /* Products */;
			projectDirPath = "";
			projectRoot = "";
			targets = (
				7D837C7D25606E07003E813F /* CupcakeCorner */,
				7D837C9325606E0A003E813F /* CupcakeCornerTests */,
				7D837C9E25606E0A003E813F /* CupcakeCornerUITests */,
			);
		};
/* End PBXProject section */

/* Begin PBXResourcesBuildPhase section */
		7D837C7C25606E07003E813F /* Resources */ = {
			isa = PBXResourcesBuildPhase;
			buildActionMask = 2147483647;
			files = (
				7D837C8E25606E09003E813F /* LaunchScreen.storyboard in Resources */,
				7D837C8B25606E09003E813F /* Preview Assets.xcassets in Resources */,
				7D837C8825606E09003E813F /* Assets.xcassets in Resources */,
			);
			runOnlyForDeploymentPostprocessing = 0;
		};
		7D837C9225606E0A003E813F /* Resources */ = {
			isa = PBXResourcesBuildPhase;
			buildActionMask = 2147483647;
			files = (
			);
			runOnlyForDeploymentPostprocessing = 0;
		};
		7D837C9D25606E0A003E813F /* Resources */ = {
			isa = PBXResourcesBuildPhase;
			buildActionMask = 2147483647;
			files = (
			);
			runOnlyForDeploymentPostprocessing = 0;
		};
/* End PBXResourcesBuildPhase section */

/* Begin PBXSourcesBuildPhase section */
		7D837C7A25606E07003E813F /* Sources */ = {
			isa = PBXSourcesBuildPhase;
			buildActionMask = 2147483647;
			files = (
				7D837C8225606E07003E813F /* AppDelegate.swift in Sources */,
				7D837C8425606E07003E813F /* SceneDelegate.swift in Sources */,
				7D576A16256739CF0024B2CA /* String+Helper.swift in Sources */,
				7D837CC82561FDCC003E813F /* CheckoutView.swift in Sources */,
				7D837CB82561F70C003E813F /* Order.swift in Sources */,
				7D837C8625606E07003E813F /* ContentView.swift in Sources */,
				7D837CC02561FBBC003E813F /* AddressView.swift in Sources */,
			);
			runOnlyForDeploymentPostprocessing = 0;
		};
		7D837C9025606E0A003E813F /* Sources */ = {
			isa = PBXSourcesBuildPhase;
			buildActionMask = 2147483647;
			files = (
				7D837C9925606E0A003E813F /* CupcakeCornerTests.swift in Sources */,
			);
			runOnlyForDeploymentPostprocessing = 0;
		};
		7D837C9B25606E0A003E813F /* Sources */ = {
			isa = PBXSourcesBuildPhase;
			buildActionMask = 2147483647;
			files = (
				7D837CA425606E0A003E813F /* CupcakeCornerUITests.swift in Sources */,
			);
			runOnlyForDeploymentPostprocessing = 0;
		};
/* End PBXSourcesBuildPhase section */

/* Begin PBXTargetDependency section */
		7D837C9625606E0A003E813F /* PBXTargetDependency */ = {
			isa = PBXTargetDependency;
			target = 7D837C7D25606E07003E813F /* CupcakeCorner */;
			targetProxy = 7D837C9525606E0A003E813F /* PBXContainerItemProxy */;
		};
		7D837CA125606E0A003E813F /* PBXTargetDependency */ = {
			isa = PBXTargetDependency;
			target = 7D837C7D25606E07003E813F /* CupcakeCorner */;
			targetProxy = 7D837CA025606E0A003E813F /* PBXContainerItemProxy */;
		};
/* End PBXTargetDependency section */

/* Begin PBXVariantGroup section */
		7D837C8C25606E09003E813F /* LaunchScreen.storyboard */ = {
			isa = PBXVariantGroup;
			children = (
				7D837C8D25606E09003E813F /* Base */,
			);
			name = LaunchScreen.storyboard;
			sourceTree = "<group>";
		};
/* End PBXVariantGroup section */

/* Begin XCBuildConfiguration section */
		7D837CA625606E0A003E813F /* Debug */ = {
			isa = XCBuildConfiguration;
			buildSettings = {
				ALWAYS_SEARCH_USER_PATHS = NO;
				CLANG_ANALYZER_NONNULL = YES;
				CLANG_ANALYZER_NUMBER_OBJECT_CONVERSION = YES_AGGRESSIVE;
				CLANG_CXX_LANGUAGE_STANDARD = "gnu++14";
				CLANG_CXX_LIBRARY = "libc++";
				CLANG_ENABLE_MODULES = YES;
				CLANG_ENABLE_OBJC_ARC = YES;
				CLANG_ENABLE_OBJC_WEAK = YES;
				CLANG_WARN_BLOCK_CAPTURE_AUTORELEASING = YES;
				CLANG_WARN_BOOL_CONVERSION = YES;
				CLANG_WARN_COMMA = YES;
				CLANG_WARN_CONSTANT_CONVERSION = YES;
				CLANG_WARN_DEPRECATED_OBJC_IMPLEMENTATIONS = YES;
				CLANG_WARN_DIRECT_OBJC_ISA_USAGE = YES_ERROR;
				CLANG_WARN_DOCUMENTATION_COMMENTS = YES;
				CLANG_WARN_EMPTY_BODY = YES;
				CLANG_WARN_ENUM_CONVERSION = YES;
				CLANG_WARN_INFINITE_RECURSION = YES;
				CLANG_WARN_INT_CONVERSION = YES;
				CLANG_WARN_NON_LITERAL_NULL_CONVERSION = YES;
				CLANG_WARN_OBJC_IMPLICIT_RETAIN_SELF = YES;
				CLANG_WARN_OBJC_LITERAL_CONVERSION = YES;
				CLANG_WARN_OBJC_ROOT_CLASS = YES_ERROR;
				CLANG_WARN_QUOTED_INCLUDE_IN_FRAMEWORK_HEADER = YES;
				CLANG_WARN_RANGE_LOOP_ANALYSIS = YES;
				CLANG_WARN_STRICT_PROTOTYPES = YES;
				CLANG_WARN_SUSPICIOUS_MOVE = YES;
				CLANG_WARN_UNGUARDED_AVAILABILITY = YES_AGGRESSIVE;
				CLANG_WARN_UNREACHABLE_CODE = YES;
				CLANG_WARN__DUPLICATE_METHOD_MATCH = YES;
				COPY_PHASE_STRIP = NO;
				DEBUG_INFORMATION_FORMAT = dwarf;
				ENABLE_STRICT_OBJC_MSGSEND = YES;
				ENABLE_TESTABILITY = YES;
				GCC_C_LANGUAGE_STANDARD = gnu11;
				GCC_DYNAMIC_NO_PIC = NO;
				GCC_NO_COMMON_BLOCKS = YES;
				GCC_OPTIMIZATION_LEVEL = 0;
				GCC_PREPROCESSOR_DEFINITIONS = (
					"DEBUG=1",
					"$(inherited)",
				);
				GCC_WARN_64_TO_32_BIT_CONVERSION = YES;
				GCC_WARN_ABOUT_RETURN_TYPE = YES_ERROR;
				GCC_WARN_UNDECLARED_SELECTOR = YES;
				GCC_WARN_UNINITIALIZED_AUTOS = YES_AGGRESSIVE;
				GCC_WARN_UNUSED_FUNCTION = YES;
				GCC_WARN_UNUSED_VARIABLE = YES;
				IPHONEOS_DEPLOYMENT_TARGET = 14.1;
				MTL_ENABLE_DEBUG_INFO = INCLUDE_SOURCE;
				MTL_FAST_MATH = YES;
				ONLY_ACTIVE_ARCH = YES;
				SDKROOT = iphoneos;
				SWIFT_ACTIVE_COMPILATION_CONDITIONS = DEBUG;
				SWIFT_OPTIMIZATION_LEVEL = "-Onone";
			};
			name = Debug;
		};
		7D837CA725606E0A003E813F /* Release */ = {
			isa = XCBuildConfiguration;
			buildSettings = {
				ALWAYS_SEARCH_USER_PATHS = NO;
				CLANG_ANALYZER_NONNULL = YES;
				CLANG_ANALYZER_NUMBER_OBJECT_CONVERSION = YES_AGGRESSIVE;
				CLANG_CXX_LANGUAGE_STANDARD = "gnu++14";
				CLANG_CXX_LIBRARY = "libc++";
				CLANG_ENABLE_MODULES = YES;
				CLANG_ENABLE_OBJC_ARC = YES;
				CLANG_ENABLE_OBJC_WEAK = YES;
				CLANG_WARN_BLOCK_CAPTURE_AUTORELEASING = YES;
				CLANG_WARN_BOOL_CONVERSION = YES;
				CLANG_WARN_COMMA = YES;
				CLANG_WARN_CONSTANT_CONVERSION = YES;
				CLANG_WARN_DEPRECATED_OBJC_IMPLEMENTATIONS = YES;
				CLANG_WARN_DIRECT_OBJC_ISA_USAGE = YES_ERROR;
				CLANG_WARN_DOCUMENTATION_COMMENTS = YES;
				CLANG_WARN_EMPTY_BODY = YES;
				CLANG_WARN_ENUM_CONVERSION = YES;
				CLANG_WARN_INFINITE_RECURSION = YES;
				CLANG_WARN_INT_CONVERSION = YES;
				CLANG_WARN_NON_LITERAL_NULL_CONVERSION = YES;
				CLANG_WARN_OBJC_IMPLICIT_RETAIN_SELF = YES;
				CLANG_WARN_OBJC_LITERAL_CONVERSION = YES;
				CLANG_WARN_OBJC_ROOT_CLASS = YES_ERROR;
				CLANG_WARN_QUOTED_INCLUDE_IN_FRAMEWORK_HEADER = YES;
				CLANG_WARN_RANGE_LOOP_ANALYSIS = YES;
				CLANG_WARN_STRICT_PROTOTYPES = YES;
				CLANG_WARN_SUSPICIOUS_MOVE = YES;
				CLANG_WARN_UNGUARDED_AVAILABILITY = YES_AGGRESSIVE;
				CLANG_WARN_UNREACHABLE_CODE = YES;
				CLANG_WARN__DUPLICATE_METHOD_MATCH = YES;
				COPY_PHASE_STRIP = NO;
				DEBUG_INFORMATION_FORMAT = "dwarf-with-dsym";
				ENABLE_NS_ASSERTIONS = NO;
				ENABLE_STRICT_OBJC_MSGSEND = YES;
				GCC_C_LANGUAGE_STANDARD = gnu11;
				GCC_NO_COMMON_BLOCKS = YES;
				GCC_WARN_64_TO_32_BIT_CONVERSION = YES;
				GCC_WARN_ABOUT_RETURN_TYPE = YES_ERROR;
				GCC_WARN_UNDECLARED_SELECTOR = YES;
				GCC_WARN_UNINITIALIZED_AUTOS = YES_AGGRESSIVE;
				GCC_WARN_UNUSED_FUNCTION = YES;
				GCC_WARN_UNUSED_VARIABLE = YES;
				IPHONEOS_DEPLOYMENT_TARGET = 14.1;
				MTL_ENABLE_DEBUG_INFO = NO;
				MTL_FAST_MATH = YES;
				SDKROOT = iphoneos;
				SWIFT_COMPILATION_MODE = wholemodule;
				SWIFT_OPTIMIZATION_LEVEL = "-O";
				VALIDATE_PRODUCT = YES;
			};
			name = Release;
		};
		7D837CA925606E0A003E813F /* Debug */ = {
			isa = XCBuildConfiguration;
			buildSettings = {
				ASSETCATALOG_COMPILER_APPICON_NAME = AppIcon;
				ASSETCATALOG_COMPILER_GLOBAL_ACCENT_COLOR_NAME = AccentColor;
				CODE_SIGN_STYLE = Automatic;
				DEVELOPMENT_ASSET_PATHS = "\"CupcakeCorner/Preview Content\"";
				ENABLE_PREVIEWS = YES;
				INFOPLIST_FILE = CupcakeCorner/Info.plist;
				LD_RUNPATH_SEARCH_PATHS = (
					"$(inherited)",
					"@executable_path/Frameworks",
				);
				PRODUCT_BUNDLE_IDENTIFIER = kz.CupcakeCorner;
				PRODUCT_NAME = "$(TARGET_NAME)";
				SWIFT_VERSION = 5.0;
				TARGETED_DEVICE_FAMILY = "1,2";
			};
			name = Debug;
		};
		7D837CAA25606E0A003E813F /* Release */ = {
			isa = XCBuildConfiguration;
			buildSettings = {
				ASSETCATALOG_COMPILER_APPICON_NAME = AppIcon;
				ASSETCATALOG_COMPILER_GLOBAL_ACCENT_COLOR_NAME = AccentColor;
				CODE_SIGN_STYLE = Automatic;
				DEVELOPMENT_ASSET_PATHS = "\"CupcakeCorner/Preview Content\"";
				ENABLE_PREVIEWS = YES;
				INFOPLIST_FILE = CupcakeCorner/Info.plist;
				LD_RUNPATH_SEARCH_PATHS = (
					"$(inherited)",
					"@executable_path/Frameworks",
				);
				PRODUCT_BUNDLE_IDENTIFIER = kz.CupcakeCorner;
				PRODUCT_NAME = "$(TARGET_NAME)";
				SWIFT_VERSION = 5.0;
				TARGETED_DEVICE_FAMILY = "1,2";
			};
			name = Release;
		};
		7D837CAC25606E0A003E813F /* Debug */ = {
			isa = XCBuildConfiguration;
			buildSettings = {
				ALWAYS_EMBED_SWIFT_STANDARD_LIBRARIES = YES;
				BUNDLE_LOADER = "$(TEST_HOST)";
				CODE_SIGN_STYLE = Automatic;
				INFOPLIST_FILE = CupcakeCornerTests/Info.plist;
				IPHONEOS_DEPLOYMENT_TARGET = 14.1;
				LD_RUNPATH_SEARCH_PATHS = (
					"$(inherited)",
					"@executable_path/Frameworks",
					"@loader_path/Frameworks",
				);
				PRODUCT_BUNDLE_IDENTIFIER = kz.CupcakeCornerTests;
				PRODUCT_NAME = "$(TARGET_NAME)";
				SWIFT_VERSION = 5.0;
				TARGETED_DEVICE_FAMILY = "1,2";
				TEST_HOST = "$(BUILT_PRODUCTS_DIR)/CupcakeCorner.app/CupcakeCorner";
			};
			name = Debug;
		};
		7D837CAD25606E0A003E813F /* Release */ = {
			isa = XCBuildConfiguration;
			buildSettings = {
				ALWAYS_EMBED_SWIFT_STANDARD_LIBRARIES = YES;
				BUNDLE_LOADER = "$(TEST_HOST)";
				CODE_SIGN_STYLE = Automatic;
				INFOPLIST_FILE = CupcakeCornerTests/Info.plist;
				IPHONEOS_DEPLOYMENT_TARGET = 14.1;
				LD_RUNPATH_SEARCH_PATHS = (
					"$(inherited)",
					"@executable_path/Frameworks",
					"@loader_path/Frameworks",
				);
				PRODUCT_BUNDLE_IDENTIFIER = kz.CupcakeCornerTests;
				PRODUCT_NAME = "$(TARGET_NAME)";
				SWIFT_VERSION = 5.0;
				TARGETED_DEVICE_FAMILY = "1,2";
				TEST_HOST = "$(BUILT_PRODUCTS_DIR)/CupcakeCorner.app/CupcakeCorner";
			};
			name = Release;
		};
		7D837CAF25606E0A003E813F /* Debug */ = {
			isa = XCBuildConfiguration;
			buildSettings = {
				ALWAYS_EMBED_SWIFT_STANDARD_LIBRARIES = YES;
				CODE_SIGN_STYLE = Automatic;
				INFOPLIST_FILE = CupcakeCornerUITests/Info.plist;
				LD_RUNPATH_SEARCH_PATHS = (
					"$(inherited)",
					"@executable_path/Frameworks",
					"@loader_path/Frameworks",
				);
				PRODUCT_BUNDLE_IDENTIFIER = kz.CupcakeCornerUITests;
				PRODUCT_NAME = "$(TARGET_NAME)";
				SWIFT_VERSION = 5.0;
				TARGETED_DEVICE_FAMILY = "1,2";
				TEST_TARGET_NAME = CupcakeCorner;
			};
			name = Debug;
		};
		7D837CB025606E0A003E813F /* Release */ = {
			isa = XCBuildConfiguration;
			buildSettings = {
				ALWAYS_EMBED_SWIFT_STANDARD_LIBRARIES = YES;
				CODE_SIGN_STYLE = Automatic;
				INFOPLIST_FILE = CupcakeCornerUITests/Info.plist;
				LD_RUNPATH_SEARCH_PATHS = (
					"$(inherited)",
					"@executable_path/Frameworks",
					"@loader_path/Frameworks",
				);
				PRODUCT_BUNDLE_IDENTIFIER = kz.CupcakeCornerUITests;
				PRODUCT_NAME = "$(TARGET_NAME)";
				SWIFT_VERSION = 5.0;
				TARGETED_DEVICE_FAMILY = "1,2";
				TEST_TARGET_NAME = CupcakeCorner;
			};
			name = Release;
		};
/* End XCBuildConfiguration section */

/* Begin XCConfigurationList section */
		7D837C7925606E07003E813F /* Build configuration list for PBXProject "CupcakeCorner" */ = {
			isa = XCConfigurationList;
			buildConfigurations = (
				7D837CA625606E0A003E813F /* Debug */,
				7D837CA725606E0A003E813F /* Release */,
			);
			defaultConfigurationIsVisible = 0;
			defaultConfigurationName = Release;
		};
		7D837CA825606E0A003E813F /* Build configuration list for PBXNativeTarget "CupcakeCorner" */ = {
			isa = XCConfigurationList;
			buildConfigurations = (
				7D837CA925606E0A003E813F /* Debug */,
				7D837CAA25606E0A003E813F /* Release */,
			);
			defaultConfigurationIsVisible = 0;
			defaultConfigurationName = Release;
		};
		7D837CAB25606E0A003E813F /* Build configuration list for PBXNativeTarget "CupcakeCornerTests" */ = {
			isa = XCConfigurationList;
			buildConfigurations = (
				7D837CAC25606E0A003E813F /* Debug */,
				7D837CAD25606E0A003E813F /* Release */,
			);
			defaultConfigurationIsVisible = 0;
			defaultConfigurationName = Release;
		};
		7D837CAE25606E0A003E813F /* Build configuration list for PBXNativeTarget "CupcakeCornerUITests" */ = {
			isa = XCConfigurationList;
			buildConfigurations = (
				7D837CAF25606E0A003E813F /* Debug */,
				7D837CB025606E0A003E813F /* Release */,
			);
			defaultConfigurationIsVisible = 0;
			defaultConfigurationName = Release;
		};
/* End XCConfigurationList section */
	};
	rootObject = 7D837C7625606E07003E813F /* Project object */;
}
